github.com/TIBCOSoftware/flogo-contrib v0.5.8 h1:lnqkBbKldNbD0Sgrd/Gv92FYpwTv8Jm29EBFbDmyD2Y=
github.com/TIBCOSoftware/flogo-contrib v0.5.8/go.mod h1:gWcVjvpNFzoQy9puLgyJaLHzJaxqhkoJ8yctKTVX5K4=
github.com/TIBCOSoftware/flogo-lib v0.5.8 h1:JX6PcxtyJbya++sKiWhFRADA6UnkSRS/INuTPzOMF0Y=
github.com/TIBCOSoftware/flogo-lib v0.5.8/go.mod h1:AE7tfFBvQNemM61frHCwTJYBWC9+iXohXyqrApe6xj4=
github.com/aws/aws-sdk-go v1.19.45 h1:jAxmC8qqa7mW531FDgM8Ahbqlb3zmiHgTpJU6fY3vJ0=
github.com/aws/aws-sdk-go v1.19.45/go.mod h1:KmX6BPdI08NWTb3/sm4ZGu5ShLoqVDhKgpiN924inxo=
github.com/davecgh/go-spew v1.1.0/go.mod h1:J7Y8YcW2NihsgmVo/mv3lAwl/skON4iLHjSsI+c5H38=
github.com/davecgh/go-spew v1.1.1/go.mod h1:J7Y8YcW2NihsgmVo/mv3lAwl/skON4iLHjSsI+c5H38=
github.com/eclipse/paho.mqtt.golang v1.2.0 h1:1F8mhG9+aO5/xpdtFkW4SxOJB67ukuDC3t2y2qayIX0=
github.com/eclipse/paho.mqtt.golang v1.2.0/go.mod h1:H9keYFcgq3Qr5OUJm/JZI/i6U7joQ8SYLhZwfeOo6Ts=
github.com/jmespath/go-jmespath v0.0.0-20180206201540-c2b33e8439af h1:pmfjZENx5imkbgOkpRUYLnmbU7UEFbjtDA2hxJ1ichM=
github.com/jmespath/go-jmespath v0.0.0-20180206201540-c2b33e8439af/go.mod h1:Nht3zPeWKUH0NzdCt2Blrr5ys8VGpn0CEB0cQHVjt7k=
github.com/julienschmidt/httprouter v1.2.0 h1:TDTW5Yz1mjftljbcKqRcrYhd4XeOoI98t+9HbQbYf7g=
github.com/julienschmidt/httprouter v1.2.0/go.mod h1:SYymIcj16QtmaHHD7aYtjjsJG7VTCxuUUipMqKk8s4w=
github.com/konsorten/go-windows-terminal-sequences v1.0.1/go.mod h1:T0+1ngSBFLxvqU3pZ+m/2kptfBszLMUkC4ZK/EgS/cQ=
github.com/pkg/errors v0.8.1/go.mod h1:bwawxfHBFNV+L2hUp1rHADufV3IMtnDRdf1r5NINEl0=
github.com/pmezard/go-difflib v1.0.0/go.mod h1:iKH77koFhYxTK1pcRnkKkqfTogsbg7gZNVY4sRDYZ/4=
github.com/pradyuz3rocool/flogo-workspace v0.0.0-20190327073856-24fcc2afa75d h1:zCVXb9ixPnyhaQ3k/qpq530isXFGvRWo2B4kkmOo0yY=
github.com/pradyuz3rocool/flogo-workspace v0.0.0-20190327073856-24fcc2afa75d/go.mod h1:A4azfTMuT9RHiIAdwAA6HPB+TjB+bc/uSvoBwTovfRo=
github.com/project-flogo/core v0.9.0/go.mod h1:QGWi7TDLlhGUaYH3n/16ImCuulbEHGADYEXyrcHhX7U=
github.com/project-flogo/core v0.9.1 h1:c+nYS1Gf8F+asZmTZdLmKm2rd3phFealR3z30OepjyE=
github.com/project-flogo/core v0.9.1/go.mod h1:QGWi7TDLlhGUaYH3n/16ImCuulbEHGADYEXyrcHhX7U=
github.com/project-flogo/flow v0.9.0 h1:PG7mHtjyKlbQfdvKl0LSR1ySR5fTqdkvJb7J6bvAkgA=
github.com/project-flogo/flow v0.9.0/go.mod h1:ZvUloTpSwAFTBF8SFPerGRuvJ6DduOuW6UJ2pR3Kvdg=
github.com/project-flogo/legacybridge v0.9.0 h1:vEWRf4budizePVr/ncNf89JMiuDCS9GRccPLcPVVBUQ=
github.com/project-flogo/legacybridge v0.9.0/go.mod h1:YcpzaucPuG7MndkIKRQaYmdALR/dQXlruGtRx4o4I+4=
github.com/retgits/flogo-components v0.0.0-20181105190413-ec090b1dc48f h1:OiLKb9MJtpa/kfGKepS7ja6Q/kXdlYUn6b/tnIrdYhk=
github.com/retgits/flogo-components v0.0.0-20181105190413-ec090b1dc48f/go.mod h1:sY0sAGbECKdNWvuHD+ybE8BevIMS8eQru5Co64aCeBc=
github.com/shaliniGovindaNayak/flogo-workspace v0.0.0-20190419112141-fe723814bb55 h1:NT4pJA1bVmmFK/Crien0+TA6MTReXLzyvFqbApzeTjI=
github.com/shaliniGovindaNayak/flogo-workspace v0.0.0-20190419112141-fe723814bb55/go.mod h1:FAREsJ0eREjfOo1ojtpFVlc4uPDRrMVg26lw4Xfb9UQ=
github.com/sirupsen/logrus v1.4.1 h1:GL2rEmy6nsikmW0r8opw9JIRScdMF5hA8cOYLH7In1k=
github.com/sirupsen/logrus v1.4.1/go.mod h1:ni0Sbl8bgC9z8RoU9G6nDWqqs/fq4eDPysMBDgk/93Q=
github.com/stretchr/objx v0.1.0/go.mod h1:HFkY916IF+rwdDfMAkV7OtwuqBVzrE8GR6GFx+wExME=
github.com/stretchr/objx v0.1.1/go.mod h1:HFkY916IF+rwdDfMAkV7OtwuqBVzrE8GR6GFx+wExME=
github.com/stretchr/testify v1.2.2/go.mod h1:a8OnRcib4nhh0OaRAV+Yts87kKdq0PP7pXfy6kDkUVs=
github.com/stretchr/testify v1.3.0/go.mod h1:M5WIy9Dh21IEIfnGCwXGc5bZfKNJtfHm1UVUgZn+9EI=
github.com/xeipuuv/gojsonschema v1.1.0/go.mod h1:5yf86TLmAcydyeJq5YvxkGPE2fm/u4myDekKRoLuqhs=
go.uber.org/atomic v1.4.0 h1:cxzIVoETapQEqDhQu3QfnvXAV4AlzcvUCxkVUFw3+EU=
go.uber.org/atomic v1.4.0/go.mod h1:gD2HeocX3+yG+ygLZcrzQJaqmWj9AIm7n08wl/qW/PE=
go.uber.org/multierr v1.1.0 h1:HoEmRHQPVSqub6w2z2d2EOVs2fjyFRGyofhKuyDq0QI=
go.uber.org/multierr v1.1.0/go.mod h1:wR5kodmAFQ0UK8QlbwjlSNy0Z68gJhDJUG5sjR94q/0=
go.uber.org/zap v1.9.1 h1:XCJQEf3W6eZaVwhRBof6ImoYGJSITeKWsyeh3HFu/5o=
go.uber.org/zap v1.9.1/go.mod h1:vwi/ZaCAaUcBkycHslxD9B2zi4UTXhF60s6SWpuDF0Q=
golang.org/x/crypto v0.0.0-20190308221718-c2843e01d9a2/go.mod h1:djNgcEr1/C05ACkg1iLfiJU5Ep61QUkGW8qpdssI0+w=
golang.org/x/net v0.0.0-20190606173856-1492cefac77f h1:IWHgpgFqnL5AhBUBZSgBdjl2vkQUEzcY+JNKWfcgAU0=
golang.org/x/net v0.0.0-20190606173856-1492cefac77f/go.mod h1:HSz+uSET+XFnRR8LxR5pz3Of3rY3CfYBVs4xY44aLks=
golang.org/x/sys v0.0.0-20180905080454-ebe1bf3edb33 h1:I6FyU15t786LL7oL/hn43zqTuEGr4PN7F4XJ1p4E3Y8=
golang.org/x/sys v0.0.0-20180905080454-ebe1bf3edb33/go.mod h1:STP8DvDyc/dI5b8T5hshtkjS+E42TnysNCUPdjciGhY=
golang.org/x/sys v0.0.0-20190215142949-d0b11bdaac8a h1:1BGLXjeY4akVXGgbC9HugT3Jv3hCI0z56oJR5vAMgBU=
golang.org/x/sys v0.0.0-20190215142949-d0b11bdaac8a/go.mod h1:STP8DvDyc/dI5b8T5hshtkjS+E42TnysNCUPdjciGhY=
golang.org/x/text v0.3.0/go.mod h1:NqM8EUOU14njkJ3fqMW+pc6Ldnwhi/IjpwHt7yyuwOQ=
